
Microsoft Visual Studio Solution File, Format Version 11.00
# Visual Studio 2010
Project("{FAE04EC0-301F-11D3-BF4B-00C04F79EFBC}") = "ElectricField", "ElectricField\ElectricField.csproj", "{C565B02A-D83F-418F-8908-538A51360CBE}"
EndProject
Project("{2150E333-8FDC-42A3-9474-1A3956D46DE8}") = "Solution Items", "Solution Items", "{2E178152-256F-41DF-87BC-A495347A4ACF}"
	ProjectSection(SolutionItems) = preProject
		oldCodes.txt = oldCodes.txt
	EndProjectSection
EndProject
Global
	GlobalSection(SolutionConfigurationPlatforms) = preSolution
		Debug|x86 = Debug|x86
		Release|x86 = Release|x86
	EndGlobalSection
	GlobalSection(ProjectConfigurationPlatforms) = postSolution
		{C565B02A-D83F-418F-8908-538A51360CBE}.Debug|x86.ActiveCfg = Debug|x86
		{C565B02A-D83F-418F-8908-538A51360CBE}.Debug|x86.Build.0 = Debug|x86
		{C565B02A-D83F-418F-8908-538A51360CBE}.Release|x86.ActiveCfg = Release|x86
		{C565B02A-D83F-418F-8908-538A51360CBE}.Release|x86.Build.0 = Release|x86
	EndGlobalSection
	GlobalSection(SolutionProperties) = preSolution
		HideSolutionNode = FALSE
	EndGlobalSection
EndGlobal
